
Microsoft Visual Studio Solution File, Format Version 12.00
# Visual Studio Version 17
VisualStudioVersion = 17.6.33723.286
MinimumVisualStudioVersion = 10.0.40219.1
Project("{9A19103F-16F7-4668-BE54-9A1E7A4F7556}") = "DotnetRuntimeInstaller", "DotnetRuntimeInstaller.csproj", "{C356183F-20C1-4964-9571-ED02D9DCA058}"
EndProject
Global
	GlobalSection(SolutionConfigurationPlatforms) = preSolution
		Debug|Any CPU = Debug|Any CPU
		Release|Any CPU = Release|Any CPU
	EndGlobalSection
	GlobalSection(ProjectConfigurationPlatforms) = postSolution
		{C356183F-20C1-4964-9571-ED02D9DCA058}.Debug|Any CPU.ActiveCfg = Debug|Any CPU
		{C356183F-20C1-4964-9571-ED02D9DCA058}.Debug|Any CPU.Build.0 = Debug|Any CPU
		{C356183F-20C1-4964-9571-ED02D9DCA058}.Release|Any CPU.ActiveCfg = Release|Any CPU
		{C356183F-20C1-4964-9571-ED02D9DCA058}.Release|Any CPU.Build.0 = Release|Any CPU
	EndGlobalSection
	GlobalSection(SolutionProperties) = preSolution
		HideSolutionNode = FALSE
	EndGlobalSection
	GlobalSection(ExtensibilityGlobals) = postSolution
		SolutionGuid = {E53C0055-A09F-4F09-8682-80DF4A613A36}
	EndGlobalSection
EndGlobal
